
Microsoft Visual Studio Solution File, Format Version 12.00
# Visual Studio Version 17
VisualStudioVersion = 17.0.31903.59
MinimumVisualStudioVersion = 10.0.40219.1
Project("{2150E333-8FDC-42A3-9474-1A3956D46DE8}") = "src", "src", "{6E42FC97-0E75-4950-B3F3-50C37C2783D8}"
EndProject
Project("{FAE04EC0-301F-11D3-BF4B-00C04F79EFBC}") = "ConsoleApp", "src\ConsoleApp\ConsoleApp.csproj", "{05B41E61-E5AB-4196-9F32-1E3CC04301C8}"
EndProject
Project("{FAE04EC0-301F-11D3-BF4B-00C04F79EFBC}") = "ConsoleApp.Tests", "tests\ConsoleApp.Tests\ConsoleApp.Tests.csproj", "{75A2B8E7-5275-4937-94CA-11C49BBFEB43}"
EndProject
Global
	GlobalSection(SolutionConfigurationPlatforms) = preSolution
		Debug|Any CPU = Debug|Any CPU
		Release|Any CPU = Release|Any CPU
	EndGlobalSection
	GlobalSection(SolutionProperties) = preSolution
		HideSolutionNode = FALSE
	EndGlobalSection
	GlobalSection(ProjectConfigurationPlatforms) = postSolution
		{82DB4396-6CAB-476B-A68C-CA3701907AAD}.Debug|Any CPU.ActiveCfg = Debug|Any CPU
		{82DB4396-6CAB-476B-A68C-CA3701907AAD}.Debug|Any CPU.Build.0 = Debug|Any CPU
		{82DB4396-6CAB-476B-A68C-CA3701907AAD}.Release|Any CPU.ActiveCfg = Release|Any CPU
		{82DB4396-6CAB-476B-A68C-CA3701907AAD}.Release|Any CPU.Build.0 = Release|Any CPU
		{05B41E61-E5AB-4196-9F32-1E3CC04301C8}.Debug|Any CPU.ActiveCfg = Debug|Any CPU
		{05B41E61-E5AB-4196-9F32-1E3CC04301C8}.Debug|Any CPU.Build.0 = Debug|Any CPU
		{05B41E61-E5AB-4196-9F32-1E3CC04301C8}.Release|Any CPU.ActiveCfg = Release|Any CPU
		{05B41E61-E5AB-4196-9F32-1E3CC04301C8}.Release|Any CPU.Build.0 = Release|Any CPU
		{75A2B8E7-5275-4937-94CA-11C49BBFEB43}.Debug|Any CPU.ActiveCfg = Debug|Any CPU
		{75A2B8E7-5275-4937-94CA-11C49BBFEB43}.Debug|Any CPU.Build.0 = Debug|Any CPU
		{75A2B8E7-5275-4937-94CA-11C49BBFEB43}.Release|Any CPU.ActiveCfg = Release|Any CPU
		{75A2B8E7-5275-4937-94CA-11C49BBFEB43}.Release|Any CPU.Build.0 = Release|Any CPU
	EndGlobalSection
	GlobalSection(NestedProjects) = preSolution
		{05B41E61-E5AB-4196-9F32-1E3CC04301C8} = {6E42FC97-0E75-4950-B3F3-50C37C2783D8}
	EndGlobalSection
EndGlobal
